
Microsoft Visual Studio Solution File, Format Version 12.00
# Visual Studio Version 17
VisualStudioVersion = 17.7.34221.43
MinimumVisualStudioVersion = 10.0.40219.1
Project("{FAE04EC0-301F-11D3-BF4B-00C04F79EFBC}") = "Array", "Array\Array.csproj", "{3C7FC585-8B8B-471F-8A7F-A111287B29F0}"
EndProject
Global
	GlobalSection(SolutionConfigurationPlatforms) = preSolution
		Debug|Any CPU = Debug|Any CPU
		Release|Any CPU = Release|Any CPU
	EndGlobalSection
	GlobalSection(ProjectConfigurationPlatforms) = postSolution
		{3C7FC585-8B8B-471F-8A7F-A111287B29F0}.Debug|Any CPU.ActiveCfg = Debug|Any CPU
		{3C7FC585-8B8B-471F-8A7F-A111287B29F0}.Debug|Any CPU.Build.0 = Debug|Any CPU
		{3C7FC585-8B8B-471F-8A7F-A111287B29F0}.Release|Any CPU.ActiveCfg = Release|Any CPU
		{3C7FC585-8B8B-471F-8A7F-A111287B29F0}.Release|Any CPU.Build.0 = Release|Any CPU
	EndGlobalSection
	GlobalSection(SolutionProperties) = preSolution
		HideSolutionNode = FALSE
	EndGlobalSection
	GlobalSection(ExtensibilityGlobals) = postSolution
		SolutionGuid = {82C86075-A6A2-43A8-B271-26916C04E02B}
	EndGlobalSection
EndGlobal
